
Microsoft Visual Studio Solution File, Format Version 12.00
# Visual Studio 15
VisualStudioVersion = 15.0.27703.2026
MinimumVisualStudioVersion = 10.0.40219.1
Project("{9A19103F-16F7-4668-BE54-9A1E7A4F7556}") = "projFinal", "projFinal\projFinal.csproj", "{5C897A4D-70F9-4684-B6F7-1EA62FEAE7FF}"
EndProject
Project("{FAE04EC0-301F-11D3-BF4B-00C04F79EFBC}") = "LocadoraInterface", "LocadoraInterface\LocadoraInterface.csproj", "{18986138-1DB2-4FCD-958D-B9B737D9F3F7}"
EndProject
Global
	GlobalSection(SolutionConfigurationPlatforms) = preSolution
		Debug|Any CPU = Debug|Any CPU
		Release|Any CPU = Release|Any CPU
	EndGlobalSection
	GlobalSection(ProjectConfigurationPlatforms) = postSolution
		{5C897A4D-70F9-4684-B6F7-1EA62FEAE7FF}.Debug|Any CPU.ActiveCfg = Debug|Any CPU
		{5C897A4D-70F9-4684-B6F7-1EA62FEAE7FF}.Debug|Any CPU.Build.0 = Debug|Any CPU
		{5C897A4D-70F9-4684-B6F7-1EA62FEAE7FF}.Release|Any CPU.ActiveCfg = Release|Any CPU
		{5C897A4D-70F9-4684-B6F7-1EA62FEAE7FF}.Release|Any CPU.Build.0 = Release|Any CPU
		{18986138-1DB2-4FCD-958D-B9B737D9F3F7}.Debug|Any CPU.ActiveCfg = Debug|Any CPU
		{18986138-1DB2-4FCD-958D-B9B737D9F3F7}.Debug|Any CPU.Build.0 = Debug|Any CPU
		{18986138-1DB2-4FCD-958D-B9B737D9F3F7}.Release|Any CPU.ActiveCfg = Release|Any CPU
		{18986138-1DB2-4FCD-958D-B9B737D9F3F7}.Release|Any CPU.Build.0 = Release|Any CPU
	EndGlobalSection
	GlobalSection(SolutionProperties) = preSolution
		HideSolutionNode = FALSE
	EndGlobalSection
	GlobalSection(ExtensibilityGlobals) = postSolution
		SolutionGuid = {E0F43DBB-AC9E-4998-B660-667A992D23E5}
	EndGlobalSection
EndGlobal
